
Microsoft Visual Studio Solution File, Format Version 12.00
# Visual Studio 14
VisualStudioVersion = 14.0.22410.0
MinimumVisualStudioVersion = 10.0.40219.1
Project("{2150E333-8FDC-42A3-9474-1A3956D46DE8}") = "src", "src", "{D3CBFEAB-E921-4C4B-990F-075A6940BBC2}"
EndProject
Project("{8BB2217D-0F2D-49D1-97BC-3654ED321F3B}") = "CycleSales", "src\CycleSales\CycleSales.kproj", "{EBB8EAE3-8209-4389-B8FC-2DF8E6C81FAD}"
EndProject
Project("{2150E333-8FDC-42A3-9474-1A3956D46DE8}") = "Solution Items", "Solution Items", "{2A91D8AB-88C5-41A7-84BE-4417BC8A8B22}"
	ProjectSection(SolutionItems) = preProject
		global.json = global.json
	EndProjectSection
EndProject
Project("{8BB2217D-0F2D-49D1-97BC-3654ED321F3B}") = "CycleSales.Tests", "src\CycleSales.Tests\CycleSales.Tests.kproj", "{C14D4F25-2B03-4C8D-9299-E303A1D645D4}"
EndProject
Global
	GlobalSection(SolutionConfigurationPlatforms) = preSolution
		Debug|Any CPU = Debug|Any CPU
		Release|Any CPU = Release|Any CPU
	EndGlobalSection
	GlobalSection(ProjectConfigurationPlatforms) = postSolution
		{EBB8EAE3-8209-4389-B8FC-2DF8E6C81FAD}.Debug|Any CPU.ActiveCfg = Debug|Any CPU
		{EBB8EAE3-8209-4389-B8FC-2DF8E6C81FAD}.Debug|Any CPU.Build.0 = Debug|Any CPU
		{EBB8EAE3-8209-4389-B8FC-2DF8E6C81FAD}.Release|Any CPU.ActiveCfg = Release|Any CPU
		{EBB8EAE3-8209-4389-B8FC-2DF8E6C81FAD}.Release|Any CPU.Build.0 = Release|Any CPU
		{C14D4F25-2B03-4C8D-9299-E303A1D645D4}.Debug|Any CPU.ActiveCfg = Debug|Any CPU
		{C14D4F25-2B03-4C8D-9299-E303A1D645D4}.Debug|Any CPU.Build.0 = Debug|Any CPU
		{C14D4F25-2B03-4C8D-9299-E303A1D645D4}.Release|Any CPU.ActiveCfg = Release|Any CPU
		{C14D4F25-2B03-4C8D-9299-E303A1D645D4}.Release|Any CPU.Build.0 = Release|Any CPU
	EndGlobalSection
	GlobalSection(SolutionProperties) = preSolution
		HideSolutionNode = FALSE
	EndGlobalSection
	GlobalSection(NestedProjects) = preSolution
		{EBB8EAE3-8209-4389-B8FC-2DF8E6C81FAD} = {D3CBFEAB-E921-4C4B-990F-075A6940BBC2}
		{C14D4F25-2B03-4C8D-9299-E303A1D645D4} = {D3CBFEAB-E921-4C4B-990F-075A6940BBC2}
	EndGlobalSection
EndGlobal
